
Microsoft Visual Studio Solution File, Format Version 12.00
# Visual Studio 15
VisualStudioVersion = 15.0.27130.2027
MinimumVisualStudioVersion = 10.0.40219.1
Project("{FAE04EC0-301F-11D3-BF4B-00C04F79EFBC}") = "Logo", "Logo\Logo.csproj", "{001A804E-3EFC-4BEF-9D3E-3CBA58BE0A5C}"
EndProject
Global
	GlobalSection(SolutionConfigurationPlatforms) = preSolution
		Debug|Any CPU = Debug|Any CPU
		Release|Any CPU = Release|Any CPU
	EndGlobalSection
	GlobalSection(ProjectConfigurationPlatforms) = postSolution
		{001A804E-3EFC-4BEF-9D3E-3CBA58BE0A5C}.Debug|Any CPU.ActiveCfg = Debug|Any CPU
		{001A804E-3EFC-4BEF-9D3E-3CBA58BE0A5C}.Debug|Any CPU.Build.0 = Debug|Any CPU
		{001A804E-3EFC-4BEF-9D3E-3CBA58BE0A5C}.Release|Any CPU.ActiveCfg = Release|Any CPU
		{001A804E-3EFC-4BEF-9D3E-3CBA58BE0A5C}.Release|Any CPU.Build.0 = Release|Any CPU
	EndGlobalSection
	GlobalSection(SolutionProperties) = preSolution
		HideSolutionNode = FALSE
	EndGlobalSection
	GlobalSection(ExtensibilityGlobals) = postSolution
		SolutionGuid = {985AD133-5C96-4614-A268-3413907299B2}
	EndGlobalSection
EndGlobal
